
Microsoft Visual Studio Solution File, Format Version 12.00
# Visual Studio Version 17
VisualStudioVersion = 17.9.34723.18
MinimumVisualStudioVersion = 10.0.40219.1
Project("{FAE04EC0-301F-11D3-BF4B-00C04F79EFBC}") = "MobileRewiew_Selenium", "MobileRewiew_Selenium\MobileRewiew_Selenium.csproj", "{3FB7998D-FA19-4F6E-A1E4-C3BA8310119A}"
EndProject
Global
	GlobalSection(SolutionConfigurationPlatforms) = preSolution
		Debug|Any CPU = Debug|Any CPU
		Release|Any CPU = Release|Any CPU
	EndGlobalSection
	GlobalSection(ProjectConfigurationPlatforms) = postSolution
		{3FB7998D-FA19-4F6E-A1E4-C3BA8310119A}.Debug|Any CPU.ActiveCfg = Debug|Any CPU
		{3FB7998D-FA19-4F6E-A1E4-C3BA8310119A}.Debug|Any CPU.Build.0 = Debug|Any CPU
		{3FB7998D-FA19-4F6E-A1E4-C3BA8310119A}.Release|Any CPU.ActiveCfg = Release|Any CPU
		{3FB7998D-FA19-4F6E-A1E4-C3BA8310119A}.Release|Any CPU.Build.0 = Release|Any CPU
	EndGlobalSection
	GlobalSection(SolutionProperties) = preSolution
		HideSolutionNode = FALSE
	EndGlobalSection
	GlobalSection(ExtensibilityGlobals) = postSolution
		SolutionGuid = {DF4EEB17-C69A-4398-A10B-EA996FAFD428}
	EndGlobalSection
EndGlobal
